
Microsoft Visual Studio Solution File, Format Version 12.00
# Visual Studio Version 17
VisualStudioVersion = 17.14.37301.10 d17.14
MinimumVisualStudioVersion = 10.0.40219.1
Project("{FAE04EC0-301F-11D3-BF4B-00C04F79EFBC}") = "WpfDimensionSample", "WpfDimensionSample.csproj", "{5507D68B-7AF5-4314-813D-85901BF9C162}"
EndProject
Global
	GlobalSection(SolutionConfigurationPlatforms) = preSolution
		Debug|Any CPU = Debug|Any CPU
		Release|Any CPU = Release|Any CPU
	EndGlobalSection
	GlobalSection(ProjectConfigurationPlatforms) = postSolution
		{5507D68B-7AF5-4314-813D-85901BF9C162}.Debug|Any CPU.ActiveCfg = Debug|Any CPU
		{5507D68B-7AF5-4314-813D-85901BF9C162}.Debug|Any CPU.Build.0 = Debug|Any CPU
		{5507D68B-7AF5-4314-813D-85901BF9C162}.Release|Any CPU.ActiveCfg = Release|Any CPU
		{5507D68B-7AF5-4314-813D-85901BF9C162}.Release|Any CPU.Build.0 = Release|Any CPU
	EndGlobalSection
	GlobalSection(SolutionProperties) = preSolution
		HideSolutionNode = FALSE
	EndGlobalSection
	GlobalSection(ExtensibilityGlobals) = postSolution
		SolutionGuid = {68711E2F-DDF6-44EB-B1C1-676E302902F3}
	EndGlobalSection
EndGlobal
